
Microsoft Visual Studio Solution File, Format Version 12.00
# Visual Studio Version 17
VisualStudioVersion = 17.13.35931.197
MinimumVisualStudioVersion = 10.0.40219.1
Project("{FAE04EC0-301F-11D3-BF4B-00C04F79EFBC}") = "EatUp.Gateway", "EatUp.Gateway\EatUp.Gateway.csproj", "{81455532-DA02-FB32-2AD4-A2BE65D5BEE3}"
EndProject
Project("{FAE04EC0-301F-11D3-BF4B-00C04F79EFBC}") = "EatUp.Meals", "EatUp.Meals\EatUp.Meals.csproj", "{694B3D5A-03C8-41DA-3F11-ABA99BEC2650}"
EndProject
Project("{FAE04EC0-301F-11D3-BF4B-00C04F79EFBC}") = "EatUp.Meals.Tests", "EatUp.Meals.Tests\EatUp.Meals.Tests.csproj", "{70007951-D245-D097-20A6-FEEE333997C6}"
EndProject
Project("{FAE04EC0-301F-11D3-BF4B-00C04F79EFBC}") = "EatUp.Orders", "EatUp.Orders\EatUp.Orders.csproj", "{5BE902C2-B9A5-2E96-521D-1018AE0472AA}"
EndProject
Project("{FAE04EC0-301F-11D3-BF4B-00C04F79EFBC}") = "EatUp.Orders.Tests", "EatUp.Orders.Tests\EatUp.Orders.Tests.csproj", "{14FC44D9-C45B-8982-306C-D7775539463E}"
EndProject
Project("{FAE04EC0-301F-11D3-BF4B-00C04F79EFBC}") = "EatUp.Users", "EatUp.Users\EatUp.Users.csproj", "{C6D6B09C-D196-751A-6A5C-F5E151F8760D}"
EndProject
Project("{FAE04EC0-301F-11D3-BF4B-00C04F79EFBC}") = "EatUp.Users.Tests", "EatUp.Users.Tests\EatUp.Users.Tests.csproj", "{148F5C0B-4705-4409-6E40-526264F6040B}"
EndProject
Project("{FAE04EC0-301F-11D3-BF4B-00C04F79EFBC}") = "EatUp.Vendors", "EatUp.Vendors\EatUp.Vendors.csproj", "{E8DA5A22-52BA-F07E-726A-D6333E479762}"
EndProject
Project("{FAE04EC0-301F-11D3-BF4B-00C04F79EFBC}") = "EatUp.Vendors.Tests", "EatUp.Vendors.Tests\EatUp.Vendors.Tests.csproj", "{07D3BB3A-59A4-4ED3-FA1F-72D4178BC5E0}"
EndProject
Project("{2150E333-8FDC-42A3-9474-1A3956D46DE8}") = "Services", "Services", "{02EA681E-C7D8-13C7-8484-4AC65E1B71E8}"
EndProject
Project("{2150E333-8FDC-42A3-9474-1A3956D46DE8}") = "Tests", "Tests", "{CBA34CB8-0CDB-4395-B07D-86DBCC8D3D96}"
EndProject
Project("{2150E333-8FDC-42A3-9474-1A3956D46DE8}") = "Solution Items", "Solution Items", "{8EC462FD-D22E-90A8-E5CE-7E832BA40C5D}"
	ProjectSection(SolutionItems) = preProject
		readme.md = readme.md
	EndProjectSection
EndProject
Global
	GlobalSection(SolutionConfigurationPlatforms) = preSolution
		Debug|Any CPU = Debug|Any CPU
		Release|Any CPU = Release|Any CPU
	EndGlobalSection
	GlobalSection(ProjectConfigurationPlatforms) = postSolution
		{81455532-DA02-FB32-2AD4-A2BE65D5BEE3}.Debug|Any CPU.ActiveCfg = Debug|Any CPU
		{81455532-DA02-FB32-2AD4-A2BE65D5BEE3}.Debug|Any CPU.Build.0 = Debug|Any CPU
		{81455532-DA02-FB32-2AD4-A2BE65D5BEE3}.Release|Any CPU.ActiveCfg = Release|Any CPU
		{81455532-DA02-FB32-2AD4-A2BE65D5BEE3}.Release|Any CPU.Build.0 = Release|Any CPU
		{694B3D5A-03C8-41DA-3F11-ABA99BEC2650}.Debug|Any CPU.ActiveCfg = Debug|Any CPU
		{694B3D5A-03C8-41DA-3F11-ABA99BEC2650}.Debug|Any CPU.Build.0 = Debug|Any CPU
		{694B3D5A-03C8-41DA-3F11-ABA99BEC2650}.Release|Any CPU.ActiveCfg = Release|Any CPU
		{694B3D5A-03C8-41DA-3F11-ABA99BEC2650}.Release|Any CPU.Build.0 = Release|Any CPU
		{70007951-D245-D097-20A6-FEEE333997C6}.Debug|Any CPU.ActiveCfg = Debug|Any CPU
		{70007951-D245-D097-20A6-FEEE333997C6}.Debug|Any CPU.Build.0 = Debug|Any CPU
		{70007951-D245-D097-20A6-FEEE333997C6}.Release|Any CPU.ActiveCfg = Release|Any CPU
		{70007951-D245-D097-20A6-FEEE333997C6}.Release|Any CPU.Build.0 = Release|Any CPU
		{5BE902C2-B9A5-2E96-521D-1018AE0472AA}.Debug|Any CPU.ActiveCfg = Debug|Any CPU
		{5BE902C2-B9A5-2E96-521D-1018AE0472AA}.Debug|Any CPU.Build.0 = Debug|Any CPU
		{5BE902C2-B9A5-2E96-521D-1018AE0472AA}.Release|Any CPU.ActiveCfg = Release|Any CPU
		{5BE902C2-B9A5-2E96-521D-1018AE0472AA}.Release|Any CPU.Build.0 = Release|Any CPU
		{14FC44D9-C45B-8982-306C-D7775539463E}.Debug|Any CPU.ActiveCfg = Debug|Any CPU
		{14FC44D9-C45B-8982-306C-D7775539463E}.Debug|Any CPU.Build.0 = Debug|Any CPU
		{14FC44D9-C45B-8982-306C-D7775539463E}.Release|Any CPU.ActiveCfg = Release|Any CPU
		{14FC44D9-C45B-8982-306C-D7775539463E}.Release|Any CPU.Build.0 = Release|Any CPU
		{C6D6B09C-D196-751A-6A5C-F5E151F8760D}.Debug|Any CPU.ActiveCfg = Debug|Any CPU
		{C6D6B09C-D196-751A-6A5C-F5E151F8760D}.Debug|Any CPU.Build.0 = Debug|Any CPU
		{C6D6B09C-D196-751A-6A5C-F5E151F8760D}.Release|Any CPU.ActiveCfg = Release|Any CPU
		{C6D6B09C-D196-751A-6A5C-F5E151F8760D}.Release|Any CPU.Build.0 = Release|Any CPU
		{148F5C0B-4705-4409-6E40-526264F6040B}.Debug|Any CPU.ActiveCfg = Debug|Any CPU
		{148F5C0B-4705-4409-6E40-526264F6040B}.Debug|Any CPU.Build.0 = Debug|Any CPU
		{148F5C0B-4705-4409-6E40-526264F6040B}.Release|Any CPU.ActiveCfg = Release|Any CPU
		{148F5C0B-4705-4409-6E40-526264F6040B}.Release|Any CPU.Build.0 = Release|Any CPU
		{E8DA5A22-52BA-F07E-726A-D6333E479762}.Debug|Any CPU.ActiveCfg = Debug|Any CPU
		{E8DA5A22-52BA-F07E-726A-D6333E479762}.Debug|Any CPU.Build.0 = Debug|Any CPU
		{E8DA5A22-52BA-F07E-726A-D6333E479762}.Release|Any CPU.ActiveCfg = Release|Any CPU
		{E8DA5A22-52BA-F07E-726A-D6333E479762}.Release|Any CPU.Build.0 = Release|Any CPU
		{07D3BB3A-59A4-4ED3-FA1F-72D4178BC5E0}.Debug|Any CPU.ActiveCfg = Debug|Any CPU
		{07D3BB3A-59A4-4ED3-FA1F-72D4178BC5E0}.Debug|Any CPU.Build.0 = Debug|Any CPU
		{07D3BB3A-59A4-4ED3-FA1F-72D4178BC5E0}.Release|Any CPU.ActiveCfg = Release|Any CPU
		{07D3BB3A-59A4-4ED3-FA1F-72D4178BC5E0}.Release|Any CPU.Build.0 = Release|Any CPU
	EndGlobalSection
	GlobalSection(SolutionProperties) = preSolution
		HideSolutionNode = FALSE
	EndGlobalSection
	GlobalSection(NestedProjects) = preSolution
		{694B3D5A-03C8-41DA-3F11-ABA99BEC2650} = {02EA681E-C7D8-13C7-8484-4AC65E1B71E8}
		{70007951-D245-D097-20A6-FEEE333997C6} = {CBA34CB8-0CDB-4395-B07D-86DBCC8D3D96}
		{5BE902C2-B9A5-2E96-521D-1018AE0472AA} = {02EA681E-C7D8-13C7-8484-4AC65E1B71E8}
		{14FC44D9-C45B-8982-306C-D7775539463E} = {CBA34CB8-0CDB-4395-B07D-86DBCC8D3D96}
		{C6D6B09C-D196-751A-6A5C-F5E151F8760D} = {02EA681E-C7D8-13C7-8484-4AC65E1B71E8}
		{148F5C0B-4705-4409-6E40-526264F6040B} = {CBA34CB8-0CDB-4395-B07D-86DBCC8D3D96}
		{E8DA5A22-52BA-F07E-726A-D6333E479762} = {02EA681E-C7D8-13C7-8484-4AC65E1B71E8}
		{07D3BB3A-59A4-4ED3-FA1F-72D4178BC5E0} = {CBA34CB8-0CDB-4395-B07D-86DBCC8D3D96}
	EndGlobalSection
	GlobalSection(ExtensibilityGlobals) = postSolution
		SolutionGuid = {B6CDFA50-4DA2-4256-8A8D-0A80525BA88E}
	EndGlobalSection
EndGlobal
